
Microsoft Visual Studio Solution File, Format Version 12.00
# Visual Studio Version 16
VisualStudioVersion = 16.0.32929.386
MinimumVisualStudioVersion = 10.0.40219.1
Project("{FAE04EC0-301F-11D3-BF4B-00C04F79EFBC}") = "Factorial _lab5", "Factorial _lab5\Factorial _lab5.csproj", "{B1FB4343-34FB-4BCB-9951-20BAD4796590}"
EndProject
Project("{9A19103F-16F7-4668-BE54-9A1E7A4F7556}") = "TestProject1", "TestProject1\TestProject1.csproj", "{2AABD5F2-F365-4E42-B28F-36C852E5D4B4}"
EndProject
Global
	GlobalSection(SolutionConfigurationPlatforms) = preSolution
		Debug|Any CPU = Debug|Any CPU
		Release|Any CPU = Release|Any CPU
	EndGlobalSection
	GlobalSection(ProjectConfigurationPlatforms) = postSolution
		{B1FB4343-34FB-4BCB-9951-20BAD4796590}.Debug|Any CPU.ActiveCfg = Debug|Any CPU
		{B1FB4343-34FB-4BCB-9951-20BAD4796590}.Debug|Any CPU.Build.0 = Debug|Any CPU
		{B1FB4343-34FB-4BCB-9951-20BAD4796590}.Release|Any CPU.ActiveCfg = Release|Any CPU
		{B1FB4343-34FB-4BCB-9951-20BAD4796590}.Release|Any CPU.Build.0 = Release|Any CPU
		{2AABD5F2-F365-4E42-B28F-36C852E5D4B4}.Debug|Any CPU.ActiveCfg = Debug|Any CPU
		{2AABD5F2-F365-4E42-B28F-36C852E5D4B4}.Debug|Any CPU.Build.0 = Debug|Any CPU
		{2AABD5F2-F365-4E42-B28F-36C852E5D4B4}.Release|Any CPU.ActiveCfg = Release|Any CPU
		{2AABD5F2-F365-4E42-B28F-36C852E5D4B4}.Release|Any CPU.Build.0 = Release|Any CPU
	EndGlobalSection
	GlobalSection(SolutionProperties) = preSolution
		HideSolutionNode = FALSE
	EndGlobalSection
	GlobalSection(ExtensibilityGlobals) = postSolution
		SolutionGuid = {A6F23B4B-761C-4CEE-8D67-11A526FE9929}
	EndGlobalSection
EndGlobal
